
Microsoft Visual Studio Solution File, Format Version 12.00
# Visual Studio Version 16
VisualStudioVersion = 16.0.30907.101
MinimumVisualStudioVersion = 10.0.40219.1
Project("{FAE04EC0-301F-11D3-BF4B-00C04F79EFBC}") = "Savas.Desktop", "Savas.Desktop\Savas.Desktop.csproj", "{65098B43-B6A2-4DEB-94BF-67A8AB5301A2}"
EndProject
Project("{FAE04EC0-301F-11D3-BF4B-00C04F79EFBC}") = "Savas.Library", "Savas.Library\Savas.Library.csproj", "{075DF632-BB2D-4709-BEB5-97C70B42963A}"
EndProject
Global
	GlobalSection(SolutionConfigurationPlatforms) = preSolution
		Debug|Any CPU = Debug|Any CPU
		Release|Any CPU = Release|Any CPU
	EndGlobalSection
	GlobalSection(ProjectConfigurationPlatforms) = postSolution
		{65098B43-B6A2-4DEB-94BF-67A8AB5301A2}.Debug|Any CPU.ActiveCfg = Debug|Any CPU
		{65098B43-B6A2-4DEB-94BF-67A8AB5301A2}.Debug|Any CPU.Build.0 = Debug|Any CPU
		{65098B43-B6A2-4DEB-94BF-67A8AB5301A2}.Release|Any CPU.ActiveCfg = Release|Any CPU
		{65098B43-B6A2-4DEB-94BF-67A8AB5301A2}.Release|Any CPU.Build.0 = Release|Any CPU
		{075DF632-BB2D-4709-BEB5-97C70B42963A}.Debug|Any CPU.ActiveCfg = Debug|Any CPU
		{075DF632-BB2D-4709-BEB5-97C70B42963A}.Debug|Any CPU.Build.0 = Debug|Any CPU
		{075DF632-BB2D-4709-BEB5-97C70B42963A}.Release|Any CPU.ActiveCfg = Release|Any CPU
		{075DF632-BB2D-4709-BEB5-97C70B42963A}.Release|Any CPU.Build.0 = Release|Any CPU
	EndGlobalSection
	GlobalSection(SolutionProperties) = preSolution
		HideSolutionNode = FALSE
	EndGlobalSection
	GlobalSection(ExtensibilityGlobals) = postSolution
		SolutionGuid = {A4218036-7F49-4961-84C4-F35311FD7A6A}
	EndGlobalSection
EndGlobal
